Microsoft Visual Studio Solution File, Format Version 12.00
# Visual Studio Version 17
VisualStudioVersion = 17.5.2.0
MinimumVisualStudioVersion = 10.0.40219.1
Project("{FAE04EC0-301F-11D3-BF4B-00C04F79EFBC}") = "SmartAutoCashSystem.Core", "SmartAutoCashSystem.Core.csproj", "{7CB3B9EF-D035-5314-EA8C-24D186CEA687}"
EndProject
Project("{2150E333-8FDC-42A3-9474-1A3956D46DE8}") = "API", "API", "{D82C56D6-B2CD-F611-9E31-04638F7EC30E}"
EndProject
Project("{FAE04EC0-301F-11D3-BF4B-00C04F79EFBC}") = "SmartAutoCashSystem.API", "API\SmartAutoCashSystem.API.csproj", "{E9860F65-AA51-1BBF-D6D0-C31A0150BBC6}"
EndProject
Global
	GlobalSection(SolutionConfigurationPlatforms) = preSolution
		Debug|Any CPU = Debug|Any CPU
		Release|Any CPU = Release|Any CPU
	EndGlobalSection
	GlobalSection(ProjectConfigurationPlatforms) = postSolution
		{7CB3B9EF-D035-5314-EA8C-24D186CEA687}.Debug|Any CPU.ActiveCfg = Debug|Any CPU
		{7CB3B9EF-D035-5314-EA8C-24D186CEA687}.Debug|Any CPU.Build.0 = Debug|Any CPU
		{7CB3B9EF-D035-5314-EA8C-24D186CEA687}.Release|Any CPU.ActiveCfg = Release|Any CPU
		{7CB3B9EF-D035-5314-EA8C-24D186CEA687}.Release|Any CPU.Build.0 = Release|Any CPU
		{E9860F65-AA51-1BBF-D6D0-C31A0150BBC6}.Debug|Any CPU.ActiveCfg = Debug|Any CPU
		{E9860F65-AA51-1BBF-D6D0-C31A0150BBC6}.Debug|Any CPU.Build.0 = Debug|Any CPU
		{E9860F65-AA51-1BBF-D6D0-C31A0150BBC6}.Release|Any CPU.ActiveCfg = Release|Any CPU
		{E9860F65-AA51-1BBF-D6D0-C31A0150BBC6}.Release|Any CPU.Build.0 = Release|Any CPU
	EndGlobalSection
	GlobalSection(SolutionProperties) = preSolution
		HideSolutionNode = FALSE
	EndGlobalSection
	GlobalSection(NestedProjects) = preSolution
		{E9860F65-AA51-1BBF-D6D0-C31A0150BBC6} = {D82C56D6-B2CD-F611-9E31-04638F7EC30E}
	EndGlobalSection
	GlobalSection(ExtensibilityGlobals) = postSolution
		SolutionGuid = {42091D8B-0479-4259-9DFE-D9798EB931FD}
	EndGlobalSection
EndGlobal
